
Microsoft Visual Studio Solution File, Format Version 12.00
# Visual Studio Version 16
VisualStudioVersion = 16.0.32602.291
MinimumVisualStudioVersion = 10.0.40219.1
Project("{FAE04EC0-301F-11D3-BF4B-00C04F79EFBC}") = "WindowsFormsApp1", "WindowsFormsApp1\WindowsFormsApp1.csproj", "{BA6EFB67-681F-4BD6-B1D5-EE0B0946E476}"
EndProject
Global
	GlobalSection(SolutionConfigurationPlatforms) = preSolution
		Debug|Any CPU = Debug|Any CPU
		Release|Any CPU = Release|Any CPU
	EndGlobalSection
	GlobalSection(ProjectConfigurationPlatforms) = postSolution
		{BA6EFB67-681F-4BD6-B1D5-EE0B0946E476}.Debug|Any CPU.ActiveCfg = Debug|Any CPU
		{BA6EFB67-681F-4BD6-B1D5-EE0B0946E476}.Debug|Any CPU.Build.0 = Debug|Any CPU
		{BA6EFB67-681F-4BD6-B1D5-EE0B0946E476}.Release|Any CPU.ActiveCfg = Release|Any CPU
		{BA6EFB67-681F-4BD6-B1D5-EE0B0946E476}.Release|Any CPU.Build.0 = Release|Any CPU
	EndGlobalSection
	GlobalSection(SolutionProperties) = preSolution
		HideSolutionNode = FALSE
	EndGlobalSection
	GlobalSection(ExtensibilityGlobals) = postSolution
		SolutionGuid = {E4DBE313-C012-405C-9C29-1582D62C27F5}
	EndGlobalSection
EndGlobal
